
Microsoft Visual Studio Solution File, Format Version 12.00
# Visual Studio 15
VisualStudioVersion = 15.0.26730.10
MinimumVisualStudioVersion = 10.0.40219.1
Project("{FAE04EC0-301F-11D3-BF4B-00C04F79EFBC}") = "TemperatureConvention", "TemperatureConvention\TemperatureConvention.csproj", "{3EA2AA7B-3100-456A-B648-8219660831A2}"
EndProject
Project("{FAE04EC0-301F-11D3-BF4B-00C04F79EFBC}") = "TestTempSvcWcfConsoleApp", "TestTempSvcWcfConsoleApp\TestTempSvcWcfConsoleApp.csproj", "{9D7B9185-B3F5-47E8-BF28-E58EC9B377F7}"
	ProjectSection(ProjectDependencies) = postProject
		{3EA2AA7B-3100-456A-B648-8219660831A2} = {3EA2AA7B-3100-456A-B648-8219660831A2}
	EndProjectSection
EndProject
Project("{FAE04EC0-301F-11D3-BF4B-00C04F79EFBC}") = "TemperatureConversionFormApp", "TemperatureConversionFormApp\TemperatureConversionFormApp.csproj", "{22845971-DE6D-40BC-9E9C-42254D899421}"
	ProjectSection(ProjectDependencies) = postProject
		{3EA2AA7B-3100-456A-B648-8219660831A2} = {3EA2AA7B-3100-456A-B648-8219660831A2}
	EndProjectSection
EndProject
Project("{FAE04EC0-301F-11D3-BF4B-00C04F79EFBC}") = "SukanyasBrowser", "SukanyasBrowser\SukanyasBrowser.csproj", "{FC4BE6A8-52F8-49CB-9109-C4A07E8E4926}"
	ProjectSection(ProjectDependencies) = postProject
		{3EA2AA7B-3100-456A-B648-8219660831A2} = {3EA2AA7B-3100-456A-B648-8219660831A2}
	EndProjectSection
EndProject
Project("{E24C65DC-7377-472B-9ABA-BC803B73C61A}") = "TestClient(1)", "..\..\..\DSOD_Assignment_1\source\repos\TemperatureConvention\WebSites\TestClient\", "{B9DA21E7-CC96-4306-AB16-DE96F99102BD}"
	ProjectSection(WebsiteProperties) = preProject
		TargetFrameworkMoniker = ".NETFramework,Version%3Dv4.6.1"
		Debug.AspNetCompiler.VirtualPath = "/localhost_61382"
		Debug.AspNetCompiler.PhysicalPath = "..\..\..\DSOD_Assignment_1\source\repos\TemperatureConvention\WebSites\TestClient\"
		Debug.AspNetCompiler.TargetPath = "PrecompiledWeb\localhost_61382\"
		Debug.AspNetCompiler.Updateable = "true"
		Debug.AspNetCompiler.ForceOverwrite = "true"
		Debug.AspNetCompiler.FixedNames = "false"
		Debug.AspNetCompiler.Debug = "True"
		Release.AspNetCompiler.VirtualPath = "/localhost_61382"
		Release.AspNetCompiler.PhysicalPath = "..\..\..\DSOD_Assignment_1\source\repos\TemperatureConvention\WebSites\TestClient\"
		Release.AspNetCompiler.TargetPath = "PrecompiledWeb\localhost_61382\"
		Release.AspNetCompiler.Updateable = "true"
		Release.AspNetCompiler.ForceOverwrite = "true"
		Release.AspNetCompiler.FixedNames = "false"
		Release.AspNetCompiler.Debug = "False"
		VWDPort = "61382"
	EndProjectSection
EndProject
Global
	GlobalSection(SolutionConfigurationPlatforms) = preSolution
		Debug|Any CPU = Debug|Any CPU
		Release|Any CPU = Release|Any CPU
	EndGlobalSection
	GlobalSection(ProjectConfigurationPlatforms) = postSolution
		{3EA2AA7B-3100-456A-B648-8219660831A2}.Debug|Any CPU.ActiveCfg = Debug|Any CPU
		{3EA2AA7B-3100-456A-B648-8219660831A2}.Debug|Any CPU.Build.0 = Debug|Any CPU
		{3EA2AA7B-3100-456A-B648-8219660831A2}.Release|Any CPU.ActiveCfg = Release|Any CPU
		{3EA2AA7B-3100-456A-B648-8219660831A2}.Release|Any CPU.Build.0 = Release|Any CPU
		{9D7B9185-B3F5-47E8-BF28-E58EC9B377F7}.Debug|Any CPU.ActiveCfg = Debug|Any CPU
		{9D7B9185-B3F5-47E8-BF28-E58EC9B377F7}.Debug|Any CPU.Build.0 = Debug|Any CPU
		{9D7B9185-B3F5-47E8-BF28-E58EC9B377F7}.Release|Any CPU.ActiveCfg = Release|Any CPU
		{9D7B9185-B3F5-47E8-BF28-E58EC9B377F7}.Release|Any CPU.Build.0 = Release|Any CPU
		{22845971-DE6D-40BC-9E9C-42254D899421}.Debug|Any CPU.ActiveCfg = Debug|Any CPU
		{22845971-DE6D-40BC-9E9C-42254D899421}.Debug|Any CPU.Build.0 = Debug|Any CPU
		{22845971-DE6D-40BC-9E9C-42254D899421}.Release|Any CPU.ActiveCfg = Release|Any CPU
		{22845971-DE6D-40BC-9E9C-42254D899421}.Release|Any CPU.Build.0 = Release|Any CPU
		{FC4BE6A8-52F8-49CB-9109-C4A07E8E4926}.Debug|Any CPU.ActiveCfg = Debug|Any CPU
		{FC4BE6A8-52F8-49CB-9109-C4A07E8E4926}.Debug|Any CPU.Build.0 = Debug|Any CPU
		{FC4BE6A8-52F8-49CB-9109-C4A07E8E4926}.Release|Any CPU.ActiveCfg = Release|Any CPU
		{FC4BE6A8-52F8-49CB-9109-C4A07E8E4926}.Release|Any CPU.Build.0 = Release|Any CPU
		{B9DA21E7-CC96-4306-AB16-DE96F99102BD}.Debug|Any CPU.ActiveCfg = Debug|Any CPU
		{B9DA21E7-CC96-4306-AB16-DE96F99102BD}.Debug|Any CPU.Build.0 = Debug|Any CPU
		{B9DA21E7-CC96-4306-AB16-DE96F99102BD}.Release|Any CPU.ActiveCfg = Debug|Any CPU
		{B9DA21E7-CC96-4306-AB16-DE96F99102BD}.Release|Any CPU.Build.0 = Debug|Any CPU
	EndGlobalSection
	GlobalSection(SolutionProperties) = preSolution
		HideSolutionNode = FALSE
	EndGlobalSection
	GlobalSection(ExtensibilityGlobals) = postSolution
		SolutionGuid = {80DB39B2-6407-4DD9-9A6B-7284BFA2B2D1}
	EndGlobalSection
EndGlobal
