
Microsoft Visual Studio Solution File, Format Version 12.00
# Visual Studio 15
VisualStudioVersion = 15.0.26730.10
MinimumVisualStudioVersion = 10.0.40219.1
Project("{FAE04EC0-301F-11D3-BF4B-00C04F79EFBC}") = "WindEnergyService", "WindEnergyService\WindEnergyService.csproj", "{A8123AEA-CDDD-45D9-8822-047BEDBF4441}"
EndProject
Project("{E24C65DC-7377-472B-9ABA-BC803B73C61A}") = "TryItWindService", "TryItWindService\", "{510AD1CD-6CD2-446B-B5EB-109E5C295B83}"
	ProjectSection(WebsiteProperties) = preProject
		TargetFrameworkMoniker = ".NETFramework,Version%3Dv4.6.1"
		Debug.AspNetCompiler.VirtualPath = "/localhost_51464"
		Debug.AspNetCompiler.PhysicalPath = "TryItWindService\"
		Debug.AspNetCompiler.TargetPath = "PrecompiledWeb\localhost_51464\"
		Debug.AspNetCompiler.Updateable = "true"
		Debug.AspNetCompiler.ForceOverwrite = "true"
		Debug.AspNetCompiler.FixedNames = "false"
		Debug.AspNetCompiler.Debug = "True"
		Release.AspNetCompiler.VirtualPath = "/localhost_51464"
		Release.AspNetCompiler.PhysicalPath = "TryItWindService\"
		Release.AspNetCompiler.TargetPath = "PrecompiledWeb\localhost_51464\"
		Release.AspNetCompiler.Updateable = "true"
		Release.AspNetCompiler.ForceOverwrite = "true"
		Release.AspNetCompiler.FixedNames = "false"
		Release.AspNetCompiler.Debug = "False"
		VWDPort = "51464"
		SlnRelativePath = "TryItWindService\"
		DefaultWebSiteLanguage = "Visual C#"
	EndProjectSection
	ProjectSection(ProjectDependencies) = postProject
		{A8123AEA-CDDD-45D9-8822-047BEDBF4441} = {A8123AEA-CDDD-45D9-8822-047BEDBF4441}
	EndProjectSection
EndProject
Project("{FAE04EC0-301F-11D3-BF4B-00C04F79EFBC}") = "Top10WordService", "Top10WordService\Top10WordService.csproj", "{8DF98117-C194-47DE-95F8-526FF6F76BCB}"
EndProject
Project("{FAE04EC0-301F-11D3-BF4B-00C04F79EFBC}") = "ConsoleAppTop10", "ConsoleAppTop10\ConsoleAppTop10.csproj", "{D1C009C6-EB6D-48FF-B729-4D0BF670DF8F}"
EndProject
Global
	GlobalSection(SolutionConfigurationPlatforms) = preSolution
		Debug|Any CPU = Debug|Any CPU
		Release|Any CPU = Release|Any CPU
	EndGlobalSection
	GlobalSection(ProjectConfigurationPlatforms) = postSolution
		{A8123AEA-CDDD-45D9-8822-047BEDBF4441}.Debug|Any CPU.ActiveCfg = Debug|Any CPU
		{A8123AEA-CDDD-45D9-8822-047BEDBF4441}.Debug|Any CPU.Build.0 = Debug|Any CPU
		{A8123AEA-CDDD-45D9-8822-047BEDBF4441}.Release|Any CPU.ActiveCfg = Release|Any CPU
		{A8123AEA-CDDD-45D9-8822-047BEDBF4441}.Release|Any CPU.Build.0 = Release|Any CPU
		{510AD1CD-6CD2-446B-B5EB-109E5C295B83}.Debug|Any CPU.ActiveCfg = Debug|Any CPU
		{510AD1CD-6CD2-446B-B5EB-109E5C295B83}.Debug|Any CPU.Build.0 = Debug|Any CPU
		{510AD1CD-6CD2-446B-B5EB-109E5C295B83}.Release|Any CPU.ActiveCfg = Debug|Any CPU
		{510AD1CD-6CD2-446B-B5EB-109E5C295B83}.Release|Any CPU.Build.0 = Debug|Any CPU
		{8DF98117-C194-47DE-95F8-526FF6F76BCB}.Debug|Any CPU.ActiveCfg = Debug|Any CPU
		{8DF98117-C194-47DE-95F8-526FF6F76BCB}.Debug|Any CPU.Build.0 = Debug|Any CPU
		{8DF98117-C194-47DE-95F8-526FF6F76BCB}.Release|Any CPU.ActiveCfg = Release|Any CPU
		{8DF98117-C194-47DE-95F8-526FF6F76BCB}.Release|Any CPU.Build.0 = Release|Any CPU
		{D1C009C6-EB6D-48FF-B729-4D0BF670DF8F}.Debug|Any CPU.ActiveCfg = Debug|Any CPU
		{D1C009C6-EB6D-48FF-B729-4D0BF670DF8F}.Debug|Any CPU.Build.0 = Debug|Any CPU
		{D1C009C6-EB6D-48FF-B729-4D0BF670DF8F}.Release|Any CPU.ActiveCfg = Release|Any CPU
		{D1C009C6-EB6D-48FF-B729-4D0BF670DF8F}.Release|Any CPU.Build.0 = Release|Any CPU
	EndGlobalSection
	GlobalSection(SolutionProperties) = preSolution
		HideSolutionNode = FALSE
	EndGlobalSection
	GlobalSection(ExtensibilityGlobals) = postSolution
		SolutionGuid = {AD50FF80-55DA-4CE8-BAFD-C7085997AF23}
	EndGlobalSection
EndGlobal
