
Microsoft Visual Studio Solution File, Format Version 12.00
# Visual Studio 15
VisualStudioVersion = 15.0.26730.10
MinimumVisualStudioVersion = 10.0.40219.1
Project("{E24C65DC-7377-472B-9ABA-BC803B73C61A}") = "Assignment4_1(1)", "Assignment4_1\", "{3B741FAD-10F5-4D4F-8504-122618FEBCC7}"
	ProjectSection(WebsiteProperties) = preProject
		TargetFrameworkMoniker = ".NETFramework,Version%3Dv4.6.1"
		Debug.AspNetCompiler.VirtualPath = "/localhost_50126"
		Debug.AspNetCompiler.PhysicalPath = "Assignment4_1\"
		Debug.AspNetCompiler.TargetPath = "PrecompiledWeb\localhost_50126\"
		Debug.AspNetCompiler.Updateable = "true"
		Debug.AspNetCompiler.ForceOverwrite = "true"
		Debug.AspNetCompiler.FixedNames = "false"
		Debug.AspNetCompiler.Debug = "True"
		Release.AspNetCompiler.VirtualPath = "/localhost_50126"
		Release.AspNetCompiler.PhysicalPath = "Assignment4_1\"
		Release.AspNetCompiler.TargetPath = "PrecompiledWeb\localhost_50126\"
		Release.AspNetCompiler.Updateable = "true"
		Release.AspNetCompiler.ForceOverwrite = "true"
		Release.AspNetCompiler.FixedNames = "false"
		Release.AspNetCompiler.Debug = "False"
		VWDPort = "50126"
		SlnRelativePath = "Assignment4_1\"
	EndProjectSection
EndProject
Global
	GlobalSection(SolutionConfigurationPlatforms) = preSolution
		Debug|Any CPU = Debug|Any CPU
	EndGlobalSection
	GlobalSection(ProjectConfigurationPlatforms) = postSolution
		{3B741FAD-10F5-4D4F-8504-122618FEBCC7}.Debug|Any CPU.ActiveCfg = Debug|Any CPU
		{3B741FAD-10F5-4D4F-8504-122618FEBCC7}.Debug|Any CPU.Build.0 = Debug|Any CPU
	EndGlobalSection
	GlobalSection(SolutionProperties) = preSolution
		HideSolutionNode = FALSE
	EndGlobalSection
	GlobalSection(ExtensibilityGlobals) = postSolution
		SolutionGuid = {855CAA60-0ED4-4BB3-8745-C420478511CD}
	EndGlobalSection
EndGlobal
